
Microsoft Visual Studio Solution File, Format Version 12.00
# Visual Studio Version 17
VisualStudioVersion = 17.1.32210.238
MinimumVisualStudioVersion = 10.0.40219.1
Project("{9A19103F-16F7-4668-BE54-9A1E7A4F7556}") = "CinemaWebApi", "CinemaWebApi\CinemaWebApi.csproj", "{B38BB0A9-5E2D-4383-9211-C56A6012E20D}"
EndProject
Project("{9A19103F-16F7-4668-BE54-9A1E7A4F7556}") = "DataAccessLayer", "DataAccessLayer\DataAccessLayer.csproj", "{2E9D7660-6892-4834-BF0F-10C5C2026F66}"
EndProject
Project("{FAE04EC0-301F-11D3-BF4B-00C04F79EFBC}") = "ModelsLibrary", "ModelsLibrary\ModelsLibrary.csproj", "{8F296101-6B62-4AFC-BD06-387DD7AF478B}"
EndProject
Global
	GlobalSection(SolutionConfigurationPlatforms) = preSolution
		Debug|Any CPU = Debug|Any CPU
		Release|Any CPU = Release|Any CPU
	EndGlobalSection
	GlobalSection(ProjectConfigurationPlatforms) = postSolution
		{B38BB0A9-5E2D-4383-9211-C56A6012E20D}.Debug|Any CPU.ActiveCfg = Debug|Any CPU
		{B38BB0A9-5E2D-4383-9211-C56A6012E20D}.Debug|Any CPU.Build.0 = Debug|Any CPU
		{B38BB0A9-5E2D-4383-9211-C56A6012E20D}.Release|Any CPU.ActiveCfg = Release|Any CPU
		{B38BB0A9-5E2D-4383-9211-C56A6012E20D}.Release|Any CPU.Build.0 = Release|Any CPU
		{2E9D7660-6892-4834-BF0F-10C5C2026F66}.Debug|Any CPU.ActiveCfg = Debug|Any CPU
		{2E9D7660-6892-4834-BF0F-10C5C2026F66}.Debug|Any CPU.Build.0 = Debug|Any CPU
		{2E9D7660-6892-4834-BF0F-10C5C2026F66}.Release|Any CPU.ActiveCfg = Release|Any CPU
		{2E9D7660-6892-4834-BF0F-10C5C2026F66}.Release|Any CPU.Build.0 = Release|Any CPU
		{8F296101-6B62-4AFC-BD06-387DD7AF478B}.Debug|Any CPU.ActiveCfg = Debug|Any CPU
		{8F296101-6B62-4AFC-BD06-387DD7AF478B}.Debug|Any CPU.Build.0 = Debug|Any CPU
		{8F296101-6B62-4AFC-BD06-387DD7AF478B}.Release|Any CPU.ActiveCfg = Release|Any CPU
		{8F296101-6B62-4AFC-BD06-387DD7AF478B}.Release|Any CPU.Build.0 = Release|Any CPU
	EndGlobalSection
	GlobalSection(SolutionProperties) = preSolution
		HideSolutionNode = FALSE
	EndGlobalSection
	GlobalSection(ExtensibilityGlobals) = postSolution
		SolutionGuid = {711E0E05-3638-4316-B875-B1E75CD4EC36}
	EndGlobalSection
EndGlobal
